
Microsoft Visual Studio Solution File, Format Version 12.00
# Visual Studio 15
Project("{FAE04EC0-301F-11D3-BF4B-00C04F79EFBC}") = "Assembly-CSharp", "Assembly-CSharp.csproj", "{6B6D18A6-73F1-8B40-A9C9-20F3545A84FD}"
EndProject
Project("{FAE04EC0-301F-11D3-BF4B-00C04F79EFBC}") = "SteamVR", "SteamVR.csproj", "{039BD9F4-6A84-4055-93FE-F01FE02EC6E4}"
EndProject
Project("{FAE04EC0-301F-11D3-BF4B-00C04F79EFBC}") = "SteamVR_Actions", "SteamVR_Actions.csproj", "{1CC88643-BE05-8896-02A9-790B6DE5193D}"
EndProject
Project("{FAE04EC0-301F-11D3-BF4B-00C04F79EFBC}") = "SteamVR_Editor", "SteamVR_Editor.csproj", "{71AEF179-DED9-8A7B-0200-97F5582F0880}"
EndProject
Project("{FAE04EC0-301F-11D3-BF4B-00C04F79EFBC}") = "Assembly-CSharp-Editor", "Assembly-CSharp-Editor.csproj", "{34612B72-D175-A2FE-3BC3-864F47C58572}"
EndProject
Project("{FAE04EC0-301F-11D3-BF4B-00C04F79EFBC}") = "SteamVR_Input_Editor", "SteamVR_Input_Editor.csproj", "{521233A7-0999-92B1-130D-775E5D597FA3}"
EndProject
Project("{FAE04EC0-301F-11D3-BF4B-00C04F79EFBC}") = "SteamVR_Windows_EditorHelper", "SteamVR_Windows_EditorHelper.csproj", "{9D40C49E-5251-B03F-8F6E-E3F5E966F243}"
EndProject
Global
	GlobalSection(SolutionConfigurationPlatforms) = preSolution
		Debug|Any CPU = Debug|Any CPU
		Release|Any CPU = Release|Any CPU
	EndGlobalSection
	GlobalSection(ProjectConfigurationPlatforms) = postSolution
		{6B6D18A6-73F1-8B40-A9C9-20F3545A84FD}.Debug|Any CPU.ActiveCfg = Debug|Any CPU
		{6B6D18A6-73F1-8B40-A9C9-20F3545A84FD}.Debug|Any CPU.Build.0 = Debug|Any CPU
		{6B6D18A6-73F1-8B40-A9C9-20F3545A84FD}.Release|Any CPU.ActiveCfg = Release|Any CPU
		{6B6D18A6-73F1-8B40-A9C9-20F3545A84FD}.Release|Any CPU.Build.0 = Release|Any CPU
		{039BD9F4-6A84-4055-93FE-F01FE02EC6E4}.Debug|Any CPU.ActiveCfg = Debug|Any CPU
		{039BD9F4-6A84-4055-93FE-F01FE02EC6E4}.Debug|Any CPU.Build.0 = Debug|Any CPU
		{039BD9F4-6A84-4055-93FE-F01FE02EC6E4}.Release|Any CPU.ActiveCfg = Release|Any CPU
		{039BD9F4-6A84-4055-93FE-F01FE02EC6E4}.Release|Any CPU.Build.0 = Release|Any CPU
		{1CC88643-BE05-8896-02A9-790B6DE5193D}.Debug|Any CPU.ActiveCfg = Debug|Any CPU
		{1CC88643-BE05-8896-02A9-790B6DE5193D}.Debug|Any CPU.Build.0 = Debug|Any CPU
		{1CC88643-BE05-8896-02A9-790B6DE5193D}.Release|Any CPU.ActiveCfg = Release|Any CPU
		{1CC88643-BE05-8896-02A9-790B6DE5193D}.Release|Any CPU.Build.0 = Release|Any CPU
		{71AEF179-DED9-8A7B-0200-97F5582F0880}.Debug|Any CPU.ActiveCfg = Debug|Any CPU
		{71AEF179-DED9-8A7B-0200-97F5582F0880}.Debug|Any CPU.Build.0 = Debug|Any CPU
		{71AEF179-DED9-8A7B-0200-97F5582F0880}.Release|Any CPU.ActiveCfg = Release|Any CPU
		{71AEF179-DED9-8A7B-0200-97F5582F0880}.Release|Any CPU.Build.0 = Release|Any CPU
		{34612B72-D175-A2FE-3BC3-864F47C58572}.Debug|Any CPU.ActiveCfg = Debug|Any CPU
		{34612B72-D175-A2FE-3BC3-864F47C58572}.Debug|Any CPU.Build.0 = Debug|Any CPU
		{34612B72-D175-A2FE-3BC3-864F47C58572}.Release|Any CPU.ActiveCfg = Release|Any CPU
		{34612B72-D175-A2FE-3BC3-864F47C58572}.Release|Any CPU.Build.0 = Release|Any CPU
		{521233A7-0999-92B1-130D-775E5D597FA3}.Debug|Any CPU.ActiveCfg = Debug|Any CPU
		{521233A7-0999-92B1-130D-775E5D597FA3}.Debug|Any CPU.Build.0 = Debug|Any CPU
		{521233A7-0999-92B1-130D-775E5D597FA3}.Release|Any CPU.ActiveCfg = Release|Any CPU
		{521233A7-0999-92B1-130D-775E5D597FA3}.Release|Any CPU.Build.0 = Release|Any CPU
		{9D40C49E-5251-B03F-8F6E-E3F5E966F243}.Debug|Any CPU.ActiveCfg = Debug|Any CPU
		{9D40C49E-5251-B03F-8F6E-E3F5E966F243}.Debug|Any CPU.Build.0 = Debug|Any CPU
		{9D40C49E-5251-B03F-8F6E-E3F5E966F243}.Release|Any CPU.ActiveCfg = Release|Any CPU
		{9D40C49E-5251-B03F-8F6E-E3F5E966F243}.Release|Any CPU.Build.0 = Release|Any CPU
	EndGlobalSection
	GlobalSection(SolutionProperties) = preSolution
		HideSolutionNode = FALSE
	EndGlobalSection
EndGlobal
